PODS:
  - GoogleMaps (1.13.2)
  - React/Core (0.35.0)
  - React/RCTActionSheet (0.35.0):
    - React/Core
  - React/RCTGeolocation (0.35.0):
    - React/Core
  - React/RCTImage (0.35.0):
    - React/Core
    - React/RCTNetwork
  - React/RCTLinkingIOS (0.35.0):
    - React/Core
  - React/RCTNetwork (0.35.0):
    - React/Core
  - React/RCTSettings (0.35.0):
    - React/Core
  - React/RCTText (0.35.0):
    - React/Core
  - React/RCTVibration (0.35.0):
    - React/Core
  - React/RCTWebSocket (0.35.0):
    - React/Core

DEPENDENCIES:
  - GoogleMaps
  - React/Core (from `../node_modules/react-native`)
  - React/RCTActionSheet (from `../node_modules/react-native`)
  - React/RCTGeolocation (from `../node_modules/react-native`)
  - React/RCTImage (from `../node_modules/react-native`)
  - React/RCTLinkingIOS (from `../node_modules/react-native`)
  - React/RCTNetwork (from `../node_modules/react-native`)
  - React/RCTSettings (from `../node_modules/react-native`)
  - React/RCTText (from `../node_modules/react-native`)
  - React/RCTVibration (from `../node_modules/react-native`)
  - React/RCTWebSocket (from `../node_modules/react-native`)

EXTERNAL SOURCES:
  React:
    :path: "../node_modules/react-native"

SPEC CHECKSUMS:
  GoogleMaps: b20a103ff307f58392e603cf142e59d7e30374c1
  React: d80af5410aa500d0cb1bce2cc4493a584cf2ec92

PODFILE CHECKSUM: 725f75d0de5e0432ac317be06827c7943d946e85

COCOAPODS: 1.0.1
